# THIS IS AN AUTOGENERATED FILE. DO NOT EDIT THIS FILE DIRECTLY.
# yarn lockfile v1


"@babel/runtime@^7.26.10":
  version "7.26.10"
  resolved "https://registry.yarnpkg.com/@babel/runtime/-/runtime-7.26.10.tgz#a07b4d8fa27af131a633d7b3524db803eb4764c2"
  integrity sha512-2WJMeRQPHKSPemqk/awGrAiuFfzBmOIPXKizAsVhWH9YJqLZ0H+HS4c8loHGgW6utJ3E/ejXQUsiGaQy2NZ9Fw==
  dependencies:
    regenerator-runtime "^0.14.0"

"@codemirror/language@https://github.com/lishid/cm-language":
  version "6.10.8"
  resolved "https://github.com/lishid/cm-language#6c1c5f5b677f6f6503d1ca2ec47f62f6406cda67"
  dependencies:
    "@codemirror/state" "^6.0.0"
    "@codemirror/view" "^6.23.0"
    "@lezer/common" "^1.1.0"
    "@lezer/highlight" "^1.0.0"
    "@lezer/lr" "^1.0.0"
    style-mod "^4.0.0"

"@codemirror/state@^6.0.0", "@codemirror/state@^6.0.1", "@codemirror/state@^6.5.0":
  version "6.5.2"
  resolved "https://registry.yarnpkg.com/@codemirror/state/-/state-6.5.2.tgz#8eca3a64212a83367dc85475b7d78d5c9b7076c6"
  integrity sha512-FVqsPqtPWKVVL3dPSxy8wEF/ymIEuVzF1PK3VbUgrxXpJUSHQWWZz4JMToquRxnkw+36LTamCZG2iua2Ptq0fA==
  dependencies:
    "@marijn/find-cluster-break" "^1.0.0"

"@codemirror/view@^6.0.1", "@codemirror/view@^6.23.0":
  version "6.36.4"
  resolved "https://registry.yarnpkg.com/@codemirror/view/-/view-6.36.4.tgz#d47d38b92a22cc40647bfb9cc97944e13d44942d"
  integrity sha512-ZQ0V5ovw/miKEXTvjgzRyjnrk9TwriUB1k4R5p7uNnHR9Hus+D1SXHGdJshijEzPFjU25xea/7nhIeSqYFKdbA==
  dependencies:
    "@codemirror/state" "^6.5.0"
    style-mod "^4.1.0"
    w3c-keyname "^2.2.4"

"@esbuild/android-arm64@0.17.3":
  version "0.17.3"
  resolved "https://registry.yarnpkg.com/@esbuild/android-arm64/-/android-arm64-0.17.3.tgz#35d045f69c9b4cf3f8efcd1ced24a560213d3346"
  integrity sha512-XvJsYo3dO3Pi4kpalkyMvfQsjxPWHYjoX4MDiB/FUM4YMfWcXa5l4VCwFWVYI1+92yxqjuqrhNg0CZg3gSouyQ==

"@esbuild/android-arm@0.17.3":
  version "0.17.3"
  resolved "https://registry.yarnpkg.com/@esbuild/android-arm/-/android-arm-0.17.3.tgz#4986d26306a7440078d42b3bf580d186ef714286"
  integrity sha512-1Mlz934GvbgdDmt26rTLmf03cAgLg5HyOgJN+ZGCeP3Q9ynYTNMn2/LQxIl7Uy+o4K6Rfi2OuLsr12JQQR8gNg==

"@esbuild/android-x64@0.17.3":
  version "0.17.3"
  resolved "https://registry.yarnpkg.com/@esbuild/android-x64/-/android-x64-0.17.3.tgz#a1928cd681e4055103384103c8bd34df7b9c7b19"
  integrity sha512-nuV2CmLS07Gqh5/GrZLuqkU9Bm6H6vcCspM+zjp9TdQlxJtIe+qqEXQChmfc7nWdyr/yz3h45Utk1tUn8Cz5+A==

"@esbuild/darwin-arm64@0.17.3":
  version "0.17.3"
  resolved "https://registry.yarnpkg.com/@esbuild/darwin-arm64/-/darwin-arm64-0.17.3.tgz#e4af2b392e5606a4808d3a78a99d38c27af39f1d"
  integrity sha512-01Hxaaat6m0Xp9AXGM8mjFtqqwDjzlMP0eQq9zll9U85ttVALGCGDuEvra5Feu/NbP5AEP1MaopPwzsTcUq1cw==

"@esbuild/darwin-x64@0.17.3":
  version "0.17.3"
  resolved "https://registry.yarnpkg.com/@esbuild/darwin-x64/-/darwin-x64-0.17.3.tgz#cbcbfb32c8d5c86953f215b48384287530c5a38e"
  integrity sha512-Eo2gq0Q/er2muf8Z83X21UFoB7EU6/m3GNKvrhACJkjVThd0uA+8RfKpfNhuMCl1bKRfBzKOk6xaYKQZ4lZqvA==

"@esbuild/freebsd-arm64@0.17.3":
  version "0.17.3"
  resolved "https://registry.yarnpkg.com/@esbuild/freebsd-arm64/-/freebsd-arm64-0.17.3.tgz#90ec1755abca4c3ffe1ad10819cd9d31deddcb89"
  integrity sha512-CN62ESxaquP61n1ZjQP/jZte8CE09M6kNn3baos2SeUfdVBkWN5n6vGp2iKyb/bm/x4JQzEvJgRHLGd5F5b81w==

"@esbuild/freebsd-x64@0.17.3":
  version "0.17.3"
  resolved "https://registry.yarnpkg.com/@esbuild/freebsd-x64/-/freebsd-x64-0.17.3.tgz#8760eedc466af253c3ed0dfa2940d0e59b8b0895"
  integrity sha512-feq+K8TxIznZE+zhdVurF3WNJ/Sa35dQNYbaqM/wsCbWdzXr5lyq+AaTUSER2cUR+SXPnd/EY75EPRjf4s1SLg==

"@esbuild/linux-arm64@0.17.3":
  version "0.17.3"
  resolved "https://registry.yarnpkg.com/@esbuild/linux-arm64/-/linux-arm64-0.17.3.tgz#13916fc8873115d7d546656e19037267b12d4567"
  integrity sha512-JHeZXD4auLYBnrKn6JYJ0o5nWJI9PhChA/Nt0G4MvLaMrvXuWnY93R3a7PiXeJQphpL1nYsaMcoV2QtuvRnF/g==

"@esbuild/linux-arm@0.17.3":
  version "0.17.3"
  resolved "https://registry.yarnpkg.com/@esbuild/linux-arm/-/linux-arm-0.17.3.tgz#15f876d127b244635ddc09eaaa65ae97bc472a63"
  integrity sha512-CLP3EgyNuPcg2cshbwkqYy5bbAgK+VhyfMU7oIYyn+x4Y67xb5C5ylxsNUjRmr8BX+MW3YhVNm6Lq6FKtRTWHQ==

"@esbuild/linux-ia32@0.17.3":
  version "0.17.3"
  resolved "https://registry.yarnpkg.com/@esbuild/linux-ia32/-/linux-ia32-0.17.3.tgz#6691f02555d45b698195c81c9070ab4e521ef005"
  integrity sha512-FyXlD2ZjZqTFh0sOQxFDiWG1uQUEOLbEh9gKN/7pFxck5Vw0qjWSDqbn6C10GAa1rXJpwsntHcmLqydY9ST9ZA==

"@esbuild/linux-loong64@0.17.3":
  version "0.17.3"
  resolved "https://registry.yarnpkg.com/@esbuild/linux-loong64/-/linux-loong64-0.17.3.tgz#f77ef657f222d8b3a8fbd530a09e40976c458d48"
  integrity sha512-OrDGMvDBI2g7s04J8dh8/I7eSO+/E7nMDT2Z5IruBfUO/RiigF1OF6xoH33Dn4W/OwAWSUf1s2nXamb28ZklTA==

"@esbuild/linux-mips64el@0.17.3":
  version "0.17.3"
  resolved "https://registry.yarnpkg.com/@esbuild/linux-mips64el/-/linux-mips64el-0.17.3.tgz#fa38833cfc8bfaadaa12b243257fe6d19d0f6f79"
  integrity sha512-DcnUpXnVCJvmv0TzuLwKBC2nsQHle8EIiAJiJ+PipEVC16wHXaPEKP0EqN8WnBe0TPvMITOUlP2aiL5YMld+CQ==

"@esbuild/linux-ppc64@0.17.3":
  version "0.17.3"
  resolved "https://registry.yarnpkg.com/@esbuild/linux-ppc64/-/linux-ppc64-0.17.3.tgz#c157a602b627c90d174743e4b0dfb7630b101dbf"
  integrity sha512-BDYf/l1WVhWE+FHAW3FzZPtVlk9QsrwsxGzABmN4g8bTjmhazsId3h127pliDRRu5674k1Y2RWejbpN46N9ZhQ==

"@esbuild/linux-riscv64@0.17.3":
  version "0.17.3"
  resolved "https://registry.yarnpkg.com/@esbuild/linux-riscv64/-/linux-riscv64-0.17.3.tgz#7bf79614bd544bd932839b1fcff6cf1f8f6bdf1a"
  integrity sha512-WViAxWYMRIi+prTJTyV1wnqd2mS2cPqJlN85oscVhXdb/ZTFJdrpaqm/uDsZPGKHtbg5TuRX/ymKdOSk41YZow==

"@esbuild/linux-s390x@0.17.3":
  version "0.17.3"
  resolved "https://registry.yarnpkg.com/@esbuild/linux-s390x/-/linux-s390x-0.17.3.tgz#6bb50c5a2613d31ce1137fe5c249ecadbecccdea"
  integrity sha512-Iw8lkNHUC4oGP1O/KhumcVy77u2s6+KUjieUqzEU3XuWJqZ+AY7uVMrrCbAiwWTkpQHkr00BuXH5RpC6Sb/7Ug==

"@esbuild/linux-x64@0.17.3":
  version "0.17.3"
  resolved "https://registry.yarnpkg.com/@esbuild/linux-x64/-/linux-x64-0.17.3.tgz#aa140d99f0d9e0af388024823bfe4558d73fbbf9"
  integrity sha512-0AGkWQMzeoeAtXQRNB3s4J1/T2XbigM2/Mn2yU1tQSmQRmHIZdkGbVq2A3aDdNslPyhb9/lH0S5GMTZ4xsjBqg==

"@esbuild/netbsd-x64@0.17.3":
  version "0.17.3"
  resolved "https://registry.yarnpkg.com/@esbuild/netbsd-x64/-/netbsd-x64-0.17.3.tgz#b6ae9948b03e4c95dc581c68358fb61d9d12a625"
  integrity sha512-4+rR/WHOxIVh53UIQIICryjdoKdHsFZFD4zLSonJ9RRw7bhKzVyXbnRPsWSfwybYqw9sB7ots/SYyufL1mBpEg==

"@esbuild/openbsd-x64@0.17.3":
  version "0.17.3"
  resolved "https://registry.yarnpkg.com/@esbuild/openbsd-x64/-/openbsd-x64-0.17.3.tgz#cda007233e211fc9154324bfa460540cfc469408"
  integrity sha512-cVpWnkx9IYg99EjGxa5Gc0XmqumtAwK3aoz7O4Dii2vko+qXbkHoujWA68cqXjhh6TsLaQelfDO4MVnyr+ODeA==

"@esbuild/sunos-x64@0.17.3":
  version "0.17.3"
  resolved "https://registry.yarnpkg.com/@esbuild/sunos-x64/-/sunos-x64-0.17.3.tgz#f1385b092000c662d360775f3fad80943d2169c4"
  integrity sha512-RxmhKLbTCDAY2xOfrww6ieIZkZF+KBqG7S2Ako2SljKXRFi+0863PspK74QQ7JpmWwncChY25JTJSbVBYGQk2Q==

"@esbuild/win32-arm64@0.17.3":
  version "0.17.3"
  resolved "https://registry.yarnpkg.com/@esbuild/win32-arm64/-/win32-arm64-0.17.3.tgz#14e9dd9b1b55aa991f80c120fef0c4492d918801"
  integrity sha512-0r36VeEJ4efwmofxVJRXDjVRP2jTmv877zc+i+Pc7MNsIr38NfsjkQj23AfF7l0WbB+RQ7VUb+LDiqC/KY/M/A==

"@esbuild/win32-ia32@0.17.3":
  version "0.17.3"
  resolved "https://registry.yarnpkg.com/@esbuild/win32-ia32/-/win32-ia32-0.17.3.tgz#de584423513d13304a6925e01233499a37a4e075"
  integrity sha512-wgO6rc7uGStH22nur4aLFcq7Wh86bE9cOFmfTr/yxN3BXvDEdCSXyKkO+U5JIt53eTOgC47v9k/C1bITWL/Teg==

"@esbuild/win32-x64@0.17.3":
  version "0.17.3"
  resolved "https://registry.yarnpkg.com/@esbuild/win32-x64/-/win32-x64-0.17.3.tgz#2f69ea6b37031b0d1715dd2da832a8ae5eb36e74"
  integrity sha512-FdVl64OIuiKjgXBjwZaJLKp0eaEckifbhn10dXWhysMJkWblg3OEEGKSIyhiD5RSgAya8WzP3DNkngtIg3Nt7g==

"@floating-ui/core@^1.6.0":
  version "1.6.9"
  resolved "https://registry.yarnpkg.com/@floating-ui/core/-/core-1.6.9.tgz#64d1da251433019dafa091de9b2886ff35ec14e6"
  integrity sha512-uMXCuQ3BItDUbAMhIXw7UPXRfAlOAvZzdK9BWpE60MCn+Svt3aLn9jsPTi/WNGlRUu2uI0v5S7JiIUsbsvh3fw==
  dependencies:
    "@floating-ui/utils" "^0.2.9"

"@floating-ui/dom@^1.0.0":
  version "1.6.13"
  resolved "https://registry.yarnpkg.com/@floating-ui/dom/-/dom-1.6.13.tgz#a8a938532aea27a95121ec16e667a7cbe8c59e34"
  integrity sha512-umqzocjDgNRGTuO7Q8CU32dkHkECqI8ZdMZ5Swb6QAM0t5rnlrN3lGo1hdpscRd3WS8T6DKYK4ephgIH9iRh3w==
  dependencies:
    "@floating-ui/core" "^1.6.0"
    "@floating-ui/utils" "^0.2.9"

"@floating-ui/react-dom@^2.1.2":
  version "2.1.2"
  resolved "https://registry.yarnpkg.com/@floating-ui/react-dom/-/react-dom-2.1.2.tgz#a1349bbf6a0e5cb5ded55d023766f20a4d439a31"
  integrity sha512-06okr5cgPzMNBy+Ycse2A6udMi4bqwW/zgBF/rwjcNqWkyr82Mcg8b0vjX8OJpZFy/FKjJmw6wV7t44kK6kW7A==
  dependencies:
    "@floating-ui/dom" "^1.0.0"

"@floating-ui/react@^0.26.4":
  version "0.26.28"
  resolved "https://registry.yarnpkg.com/@floating-ui/react/-/react-0.26.28.tgz#93f44ebaeb02409312e9df9507e83aab4a8c0dc7"
  integrity sha512-yORQuuAtVpiRjpMhdc0wJj06b9JFjrYF4qp96j++v2NBpbi6SEGF7donUJ3TMieerQ6qVkAv1tgr7L4r5roTqw==
  dependencies:
    "@floating-ui/react-dom" "^2.1.2"
    "@floating-ui/utils" "^0.2.8"
    tabbable "^6.0.0"

"@floating-ui/utils@^0.2.8", "@floating-ui/utils@^0.2.9":
  version "0.2.9"
  resolved "https://registry.yarnpkg.com/@floating-ui/utils/-/utils-0.2.9.tgz#50dea3616bc8191fb8e112283b49eaff03e78429"
  integrity sha512-MDWhGtE+eHw5JW7lq4qhc5yRLS11ERl1c7Z6Xd0a58DozHES6EnNNwUWbMiG4J9Cgj053Bhk8zvlhFYKVhULwg==

"@lezer/common@^1.0.0", "@lezer/common@^1.1.0":
  version "1.2.3"
  resolved "https://registry.yarnpkg.com/@lezer/common/-/common-1.2.3.tgz#138fcddab157d83da557554851017c6c1e5667fd"
  integrity sha512-w7ojc8ejBqr2REPsWxJjrMFsA/ysDCFICn8zEOR9mrqzOu2amhITYuLD8ag6XZf0CFXDrhKqw7+tW8cX66NaDA==

"@lezer/highlight@^1.0.0":
  version "1.2.1"
  resolved "https://registry.yarnpkg.com/@lezer/highlight/-/highlight-1.2.1.tgz#596fa8f9aeb58a608be0a563e960c373cbf23f8b"
  integrity sha512-Z5duk4RN/3zuVO7Jq0pGLJ3qynpxUVsh7IbUbGj88+uV2ApSAn6kWg2au3iJb+0Zi7kKtqffIESgNcRXWZWmSA==
  dependencies:
    "@lezer/common" "^1.0.0"

"@lezer/lr@^1.0.0":
  version "1.4.2"
  resolved "https://registry.yarnpkg.com/@lezer/lr/-/lr-1.4.2.tgz#931ea3dea8e9de84e90781001dae30dea9ff1727"
  integrity sha512-pu0K1jCIdnQ12aWNaAVU5bzi7Bd1w54J3ECgANPmYLtQKP0HBj2cE/5coBD66MT10xbtIuUr7tg0Shbsvk0mDA==
  dependencies:
    "@lezer/common" "^1.0.0"

"@marijn/find-cluster-break@^1.0.0":
  version "1.0.2"
  resolved "https://registry.yarnpkg.com/@marijn/find-cluster-break/-/find-cluster-break-1.0.2.tgz#775374306116d51c0c500b8c4face0f9a04752d8"
  integrity sha512-l0h88YhZFyKdXIFNfSWpyjStDjGHwZ/U7iobcK1cQQD8sejsONdQtTVU+1wVN1PBw40PiiHB1vA5S7VTfQiP9g==

"@nodelib/fs.scandir@2.1.5":
  version "2.1.5"
  resolved "https://registry.yarnpkg.com/@nodelib/fs.scandir/-/fs.scandir-2.1.5.tgz#7619c2eb21b25483f6d167548b4cfd5a7488c3d5"
  integrity sha512-vq24Bq3ym5HEQm2NKCr3yXDwjc7vTsEThRDnkp2DK9p1uqLR+DHurm/NOTo0KG7HYHU7eppKZj3MyqYuMBf62g==
  dependencies:
    "@nodelib/fs.stat" "2.0.5"
    run-parallel "^1.1.9"

"@nodelib/fs.stat@2.0.5", "@nodelib/fs.stat@^2.0.2":
  version "2.0.5"
  resolved "https://registry.yarnpkg.com/@nodelib/fs.stat/-/fs.stat-2.0.5.tgz#5bd262af94e9d25bd1e71b05deed44876a222e8b"
  integrity sha512-RkhPPp2zrqDAQA/2jNhnztcPAlv64XdhIp7a7454A5ovI7Bukxgt7MX7udwAu3zg1DcpPU0rz3VV1SeaqvY4+A==

"@nodelib/fs.walk@^1.2.3":
  version "1.2.8"
  resolved "https://registry.yarnpkg.com/@nodelib/fs.walk/-/fs.walk-1.2.8.tgz#e95737e8bb6746ddedf69c556953494f196fe69a"
  integrity sha512-oGB+UxlgWcgQkgwo8GcEGwemoTFt3FIO9ababBmaGwXIoBKZ+GTy0pP185beGg7Llih/NSHSV2XAs1lnznocSg==
  dependencies:
    "@nodelib/fs.scandir" "2.1.5"
    fastq "^1.6.0"

"@types/codemirror@5.60.8":
  version "5.60.8"
  resolved "https://registry.yarnpkg.com/@types/codemirror/-/codemirror-5.60.8.tgz#b647d04b470e8e1836dd84b2879988fc55c9de68"
  integrity sha512-VjFgDF/eB+Aklcy15TtOTLQeMjTo07k7KAjql8OK5Dirr7a6sJY4T1uVBDuTVG9VEmn1uUsohOpYnVfgC6/jyw==
  dependencies:
    "@types/tern" "*"

"@types/estree@*":
  version "1.0.6"
  resolved "https://registry.yarnpkg.com/@types/estree/-/estree-1.0.6.tgz#628effeeae2064a1b4e79f78e81d87b7e5fc7b50"
  integrity sha512-AYnb1nQyY49te+VRAVgmzfcgjYS91mY5P0TKUDCLEM+gNnA+3T6rWITXRLYCpahpqSQbN5cE+gHpnPyXjHWxcw==

"@types/json-schema@^7.0.9":
  version "7.0.15"
  resolved "https://registry.yarnpkg.com/@types/json-schema/-/json-schema-7.0.15.tgz#596a1747233694d50f6ad8a7869fcb6f56cf5841"
  integrity sha512-5+fP8P8MFNC+AyZCDxrB2pkZFPGzqQWUzpSeuuVLvm8VMcorNYavBqoFcxK8bQz4Qsbn4oUEEem4wDLfcysGHA==

"@types/luxon@^3.3.7":
  version "3.4.2"
  resolved "https://registry.yarnpkg.com/@types/luxon/-/luxon-3.4.2.tgz#e4fc7214a420173cea47739c33cdf10874694db7"
  integrity sha512-TifLZlFudklWlMBfhubvgqTXRzLDI5pCbGa4P8a3wPyUQSW+1xQ5eDsreP9DWHX3tjq1ke96uYG/nwundroWcA==

"@types/node@^16.11.6":
  version "16.18.126"
  resolved "https://registry.yarnpkg.com/@types/node/-/node-16.18.126.tgz#27875faa2926c0f475b39a8bb1e546c0176f8d4b"
  integrity sha512-OTcgaiwfGFBKacvfwuHzzn1KLxH/er8mluiy8/uM3sGXHaRe73RrSIj01jow9t4kJEW633Ov+cOexXeiApTyAw==

"@types/prop-types@*":
  version "15.7.14"
  resolved "https://registry.yarnpkg.com/@types/prop-types/-/prop-types-15.7.14.tgz#1433419d73b2a7ebfc6918dcefd2ec0d5cd698f2"
  integrity sha512-gNMvNH49DJ7OJYv+KAKn0Xp45p8PLl6zo2YnvDIbTd4J6MER2BmWN49TG7n9LvkyihINxeKW8+3bfS2yDC9dzQ==

"@types/react-dom@^18.2.18":
  version "18.3.5"
  resolved "https://registry.yarnpkg.com/@types/react-dom/-/react-dom-18.3.5.tgz#45f9f87398c5dcea085b715c58ddcf1faf65f716"
  integrity sha512-P4t6saawp+b/dFrUr2cvkVsfvPguwsxtH6dNIYRllMsefqFzkZk5UIjzyDOv5g1dXIPdG4Sp1yCR4Z6RCUsG/Q==

"@types/react@^18.2.45":
  version "18.3.18"
  resolved "https://registry.yarnpkg.com/@types/react/-/react-18.3.18.tgz#9b382c4cd32e13e463f97df07c2ee3bbcd26904b"
  integrity sha512-t4yC+vtgnkYjNSKlFx1jkAhH8LgTo2N/7Qvi83kdEaUtMDiwpbLAktKDaAMlRcJ5eSxZkH74eEGt1ky31d7kfQ==
  dependencies:
    "@types/prop-types" "*"
    csstype "^3.0.2"

"@types/tern@*":
  version "0.23.9"
  resolved "https://registry.yarnpkg.com/@types/tern/-/tern-0.23.9.tgz#6f6093a4a9af3e6bb8dde528e024924d196b367c"
  integrity sha512-ypzHFE/wBzh+BlH6rrBgS5I/Z7RD21pGhZ2rltb/+ZrVM1awdZwjx7hE5XfuYgHWk9uvV5HLZN3SloevCAp3Bw==
  dependencies:
    "@types/estree" "*"

"@typescript-eslint/eslint-plugin@5.29.0":
  version "5.29.0"
  resolved "https://registry.yarnpkg.com/@typescript-eslint/eslint-plugin/-/eslint-plugin-5.29.0.tgz#c67794d2b0fd0b4a47f50266088acdc52a08aab6"
  integrity sha512-kgTsISt9pM53yRFQmLZ4npj99yGl3x3Pl7z4eA66OuTzAGC4bQB5H5fuLwPnqTKU3yyrrg4MIhjF17UYnL4c0w==
  dependencies:
    "@typescript-eslint/scope-manager" "5.29.0"
    "@typescript-eslint/type-utils" "5.29.0"
    "@typescript-eslint/utils" "5.29.0"
    debug "^4.3.4"
    functional-red-black-tree "^1.0.1"
    ignore "^5.2.0"
    regexpp "^3.2.0"
    semver "^7.3.7"
    tsutils "^3.21.0"

"@typescript-eslint/parser@5.29.0":
  version "5.29.0"
  resolved "https://registry.yarnpkg.com/@typescript-eslint/parser/-/parser-5.29.0.tgz#41314b195b34d44ff38220caa55f3f93cfca43cf"
  integrity sha512-ruKWTv+x0OOxbzIw9nW5oWlUopvP/IQDjB5ZqmTglLIoDTctLlAJpAQFpNPJP/ZI7hTT9sARBosEfaKbcFuECw==
  dependencies:
    "@typescript-eslint/scope-manager" "5.29.0"
    "@typescript-eslint/types" "5.29.0"
    "@typescript-eslint/typescript-estree" "5.29.0"
    debug "^4.3.4"

"@typescript-eslint/scope-manager@5.29.0":
  version "5.29.0"
  resolved "https://registry.yarnpkg.com/@typescript-eslint/scope-manager/-/scope-manager-5.29.0.tgz#2a6a32e3416cb133e9af8dcf54bf077a916aeed3"
  integrity sha512-etbXUT0FygFi2ihcxDZjz21LtC+Eps9V2xVx09zFoN44RRHPrkMflidGMI+2dUs821zR1tDS6Oc9IXxIjOUZwA==
  dependencies:
    "@typescript-eslint/types" "5.29.0"
    "@typescript-eslint/visitor-keys" "5.29.0"

"@typescript-eslint/type-utils@5.29.0":
  version "5.29.0"
  resolved "https://registry.yarnpkg.com/@typescript-eslint/type-utils/-/type-utils-5.29.0.tgz#241918001d164044020b37d26d5b9f4e37cc3d5d"
  integrity sha512-JK6bAaaiJozbox3K220VRfCzLa9n0ib/J+FHIwnaV3Enw/TO267qe0pM1b1QrrEuy6xun374XEAsRlA86JJnyg==
  dependencies:
    "@typescript-eslint/utils" "5.29.0"
    debug "^4.3.4"
    tsutils "^3.21.0"

"@typescript-eslint/types@5.29.0":
  version "5.29.0"
  resolved "https://registry.yarnpkg.com/@typescript-eslint/types/-/types-5.29.0.tgz#7861d3d288c031703b2d97bc113696b4d8c19aab"
  integrity sha512-X99VbqvAXOMdVyfFmksMy3u8p8yoRGITgU1joBJPzeYa0rhdf5ok9S56/itRoUSh99fiDoMtarSIJXo7H/SnOg==

"@typescript-eslint/typescript-estree@5.29.0":
  version "5.29.0"
  resolved "https://registry.yarnpkg.com/@typescript-eslint/typescript-estree/-/typescript-estree-5.29.0.tgz#e83d19aa7fd2e74616aab2f25dfbe4de4f0b5577"
  integrity sha512-mQvSUJ/JjGBdvo+1LwC+GY2XmSYjK1nAaVw2emp/E61wEVYEyibRHCqm1I1vEKbXCpUKuW4G7u9ZCaZhJbLoNQ==
  dependencies:
    "@typescript-eslint/types" "5.29.0"
    "@typescript-eslint/visitor-keys" "5.29.0"
    debug "^4.3.4"
    globby "^11.1.0"
    is-glob "^4.0.3"
    semver "^7.3.7"
    tsutils "^3.21.0"

"@typescript-eslint/utils@5.29.0":
  version "5.29.0"
  resolved "https://registry.yarnpkg.com/@typescript-eslint/utils/-/utils-5.29.0.tgz#775046effd5019667bd086bcf326acbe32cd0082"
  integrity sha512-3Eos6uP1nyLOBayc/VUdKZikV90HahXE5Dx9L5YlSd/7ylQPXhLk1BYb29SDgnBnTp+jmSZUU0QxUiyHgW4p7A==
  dependencies:
    "@types/json-schema" "^7.0.9"
    "@typescript-eslint/scope-manager" "5.29.0"
    "@typescript-eslint/types" "5.29.0"
    "@typescript-eslint/typescript-estree" "5.29.0"
    eslint-scope "^5.1.1"
    eslint-utils "^3.0.0"

"@typescript-eslint/visitor-keys@5.29.0":
  version "5.29.0"
  resolved "https://registry.yarnpkg.com/@typescript-eslint/visitor-keys/-/visitor-keys-5.29.0.tgz#7a4749fa7ef5160c44a451bf060ac1dc6dfb77ee"
  integrity sha512-Hpb/mCWsjILvikMQoZIE3voc9wtQcS0A9FUw3h8bhr9UxBdtI/tw1ZDZUOXHXLOVMedKCH5NxyzATwnU78bWCQ==
  dependencies:
    "@typescript-eslint/types" "5.29.0"
    eslint-visitor-keys "^3.3.0"

"@uiw/color-convert@2.4.5":
  version "2.4.5"
  resolved "https://registry.yarnpkg.com/@uiw/color-convert/-/color-convert-2.4.5.tgz#2db6c175eb66fbd95a2ec4ee68a9b185755327d8"
  integrity sha512-iMCAC9MHSxEZ+eqoLgLCHy3i4hpLzO3/QQ4d4hgZymjVvZnWzFTWJnsuMpvCN/hbFNjyAzjo7SQYwKerix5QQg==

"@uiw/react-color-alpha@2.4.5":
  version "2.4.5"
  resolved "https://registry.yarnpkg.com/@uiw/react-color-alpha/-/react-color-alpha-2.4.5.tgz#5351ca51c00f1a3e0042d66d920f65cc15c55202"
  integrity sha512-H9zBHJJY2ZGLNDOHBtSZ+OYgdNMtpS+WwCYHXzLHRcu4MrrI5+y+yi8jqx92ty1HiwrTnGIz1YD7NlyotvslRw==
  dependencies:
    "@uiw/color-convert" "2.4.5"
    "@uiw/react-drag-event-interactive" "2.4.5"

"@uiw/react-color-block@2.4.5":
  version "2.4.5"
  resolved "https://registry.yarnpkg.com/@uiw/react-color-block/-/react-color-block-2.4.5.tgz#770a9b51c864e7bafccc4453df5601037cf76819"
  integrity sha512-1jwMARyH6u2KAaFZ2Huid+gMygw62f303GZKDXKV5j8MIwC73bHZjRpcjFa8Z80xoAi6SXY8QV5Sl1xtGdYvIQ==
  dependencies:
    "@uiw/color-convert" "2.4.5"
    "@uiw/react-color-editable-input" "2.4.5"
    "@uiw/react-color-swatch" "2.4.5"

"@uiw/react-color-chrome@2.4.5":
  version "2.4.5"
  resolved "https://registry.yarnpkg.com/@uiw/react-color-chrome/-/react-color-chrome-2.4.5.tgz#cc067ac5a83186e09554e632e0a6cfe098636e29"
  integrity sha512-HT+c5r06beMEMGktTaSo5TwdD53uv242LTImp164kfXhUoZDtVy3ZJUg9yufHYG+50dK3WA0/B/Q0zrf+/QFJA==
  dependencies:
    "@uiw/color-convert" "2.4.5"
    "@uiw/react-color-alpha" "2.4.5"
    "@uiw/react-color-editable-input" "2.4.5"
    "@uiw/react-color-editable-input-hsla" "2.4.5"
    "@uiw/react-color-editable-input-rgba" "2.4.5"
    "@uiw/react-color-github" "2.4.5"
    "@uiw/react-color-hue" "2.4.5"
    "@uiw/react-color-saturation" "2.4.5"

"@uiw/react-color-circle@2.4.5":
  version "2.4.5"
  resolved "https://registry.yarnpkg.com/@uiw/react-color-circle/-/react-color-circle-2.4.5.tgz#53adbd3852f93e7709a0d8fcb20690b452482599"
  integrity sha512-UJkHIbpi1IrTvsUfNi2Nib7WoQybJbcpJctbS/dYQgbbESPl8X8TQOfXsD2wD6DgRNv8a83SPC8Venfz9pthEQ==
  dependencies:
    "@uiw/color-convert" "2.4.5"
    "@uiw/react-color-swatch" "2.4.5"

"@uiw/react-color-colorful@2.4.5":
  version "2.4.5"
  resolved "https://registry.yarnpkg.com/@uiw/react-color-colorful/-/react-color-colorful-2.4.5.tgz#a5557c7474d9d2b0b9b3edbdd817677f158174f1"
  integrity sha512-kWiFosiDXK+DU/T6JWQPyOJDrWVpf596LG9xSCAA4EEwooD1bfpW7QTf535KKVj14KEZv2aliBj4YNvokmHc3w==
  dependencies:
    "@uiw/color-convert" "2.4.5"
    "@uiw/react-color-alpha" "2.4.5"
    "@uiw/react-color-hue" "2.4.5"
    "@uiw/react-color-saturation" "2.4.5"

"@uiw/react-color-compact@2.4.5":
  version "2.4.5"
  resolved "https://registry.yarnpkg.com/@uiw/react-color-compact/-/react-color-compact-2.4.5.tgz#9956c05862d3f53c475a7ed41b4c2a36ce005d50"
  integrity sha512-c6WWSN4cVxr1VqlM/4k3AH4dWt4Y93rqDc4lSXs4UQymIIl2MO78LTPIrRqq+1czTIMG4plFcPHI1cFyE5vRSw==
  dependencies:
    "@uiw/color-convert" "2.4.5"
    "@uiw/react-color-editable-input" "2.4.5"
    "@uiw/react-color-editable-input-rgba" "2.4.5"
    "@uiw/react-color-swatch" "2.4.5"

"@uiw/react-color-editable-input-hsla@2.4.5":
  version "2.4.5"
  resolved "https://registry.yarnpkg.com/@uiw/react-color-editable-input-hsla/-/react-color-editable-input-hsla-2.4.5.tgz#73bfff904c16ab852f3cae9dfd9e853f3c634ccf"
  integrity sha512-ha5Pvoww25VRLjvSKbSlvTnL6DYhybz5S6XpKOyaP3o/1ZWfs0LX4EXYTzx/MKpPhBaASL1+y5q7mf4eMp/E6A==
  dependencies:
    "@uiw/color-convert" "2.4.5"
    "@uiw/react-color-editable-input-rgba" "2.4.5"

"@uiw/react-color-editable-input-rgba@2.4.5":
  version "2.4.5"
  resolved "https://registry.yarnpkg.com/@uiw/react-color-editable-input-rgba/-/react-color-editable-input-rgba-2.4.5.tgz#5bf851ba40096e6b2f7ab10b82bdac2b2869aa95"
  integrity sha512-Tz1fbqE7eZmA2YasFeNeWYOW+wYxz0BYnfjHUa2CbKfjbzxPwd+O7a7KNvQbLHwIbM4crLQyPh28TpUiU9sg1g==
  dependencies:
    "@uiw/color-convert" "2.4.5"
    "@uiw/react-color-editable-input" "2.4.5"

"@uiw/react-color-editable-input@2.4.5":
  version "2.4.5"
  resolved "https://registry.yarnpkg.com/@uiw/react-color-editable-input/-/react-color-editable-input-2.4.5.tgz#caac2d44dfee06bcfc1e1dde66a85eb17a45f863"
  integrity sha512-GoAYjCpdlfivO6FoY6TotlukevdBqGeaHPSGP6w4tO+UkYInYt8PFBJxXsI5XgD3zeBwbLYQHH3g1662bOqNkQ==

"@uiw/react-color-github@2.4.5":
  version "2.4.5"
  resolved "https://registry.yarnpkg.com/@uiw/react-color-github/-/react-color-github-2.4.5.tgz#c0bea34a5162ada05e647f5171ec1d31d924589b"
  integrity sha512-sGp94iwB0H5nzB3c40O+4rzcyGLVcGje1MVOkmhToD6Xu6ReFpRnK0Uk6vcOp8FAiwpw7M/35azqdUwYw3rgXA==
  dependencies:
    "@uiw/color-convert" "2.4.5"
    "@uiw/react-color-swatch" "2.4.5"

"@uiw/react-color-hue@2.4.5":
  version "2.4.5"
  resolved "https://registry.yarnpkg.com/@uiw/react-color-hue/-/react-color-hue-2.4.5.tgz#7ce657ceb4690b9295fdff12326267993cc83ec3"
  integrity sha512-pz/bhWdB5jDdWCmXDix02wRAUYRnBZu4afw9Zxga12QjeXs//b9pz5MOxIoO0Q5MP5kM7W3EQ6Mvgmt8jAIAhQ==
  dependencies:
    "@uiw/color-convert" "2.4.5"
    "@uiw/react-color-alpha" "2.4.5"

"@uiw/react-color-material@2.4.5":
  version "2.4.5"
  resolved "https://registry.yarnpkg.com/@uiw/react-color-material/-/react-color-material-2.4.5.tgz#6068b29229e1d851dd0a9d6378fbc00527015258"
  integrity sha512-ntX1g4AaUsDp6QOYzM0cc2pJrJHcoP5mMkHz52yDoQBEpHkxkVCWh5yqIfMtUJ9ixty4xHUNoVIoK97WKn6XJw==
  dependencies:
    "@uiw/color-convert" "2.4.5"
    "@uiw/react-color-editable-input" "2.4.5"
    "@uiw/react-color-editable-input-rgba" "2.4.5"

"@uiw/react-color-name@2.4.5":
  version "2.4.5"
  resolved "https://registry.yarnpkg.com/@uiw/react-color-name/-/react-color-name-2.4.5.tgz#c3cfc4c55d76d50ae04777e53b916a6ea6715105"
  integrity sha512-s5XTdUc7KhPV6Ee4Y2YGrMeCu8EKRK0FrGPcDFiAqQRFwJ19KHOGh0qGuigkieg5fbIyYYo3LeSGYr7gJd39rw==
  dependencies:
    colors-named "^1.0.1"
    colors-named-hex "^1.0.1"

"@uiw/react-color-saturation@2.4.5":
  version "2.4.5"
  resolved "https://registry.yarnpkg.com/@uiw/react-color-saturation/-/react-color-saturation-2.4.5.tgz#2e61e11ded368699336574b8ff89cebbd954e534"
  integrity sha512-wQHO/QN627Smg+0fleDAu4DxCrrwRqG1glpKH9s194jI2yb1c95nRw+KiSH9hawfF6FjUeq/Qb4Xi56JqPUTlQ==
  dependencies:
    "@uiw/color-convert" "2.4.5"
    "@uiw/react-drag-event-interactive" "2.4.5"

"@uiw/react-color-shade-slider@2.4.5":
  version "2.4.5"
  resolved "https://registry.yarnpkg.com/@uiw/react-color-shade-slider/-/react-color-shade-slider-2.4.5.tgz#e96a66df38b11e553f84b12f57e447df9e464449"
  integrity sha512-r7QapAAKqA3m55EUWveT16MURA/nB96SLHNudqWXu+zQgopjr8mCVE4TL2nX0AjOX/M1egOsysANADzBbuSD6A==
  dependencies:
    "@uiw/color-convert" "2.4.5"
    "@uiw/react-color-alpha" "2.4.5"

"@uiw/react-color-sketch@2.4.5":
  version "2.4.5"
  resolved "https://registry.yarnpkg.com/@uiw/react-color-sketch/-/react-color-sketch-2.4.5.tgz#e9fdd1e4752bffb33b5016ba958979734dc11b61"
  integrity sha512-upwiPQ1eXCu751G9plLTUu6pYx88h8icgSuxkxUjiIxOKnGU8t+2bdjoPsZsvWu34094k26gBSOZCsXKHMfySg==
  dependencies:
    "@uiw/color-convert" "2.4.5"
    "@uiw/react-color-alpha" "2.4.5"
    "@uiw/react-color-editable-input" "2.4.5"
    "@uiw/react-color-editable-input-rgba" "2.4.5"
    "@uiw/react-color-hue" "2.4.5"
    "@uiw/react-color-saturation" "2.4.5"
    "@uiw/react-color-swatch" "2.4.5"

"@uiw/react-color-slider@2.4.5":
  version "2.4.5"
  resolved "https://registry.yarnpkg.com/@uiw/react-color-slider/-/react-color-slider-2.4.5.tgz#25210d36f8ba3630b924be3197754da1492b5bc0"
  integrity sha512-98xH12qnm75rYzOXhRiuaNq8+Dj37w4RF34EY2WOxLItp14URG1CGjBeCLiQZKcA0H4WOTanPiLxetS57UJuLg==
  dependencies:
    "@uiw/color-convert" "2.4.5"
    "@uiw/react-color-alpha" "2.4.5"

"@uiw/react-color-swatch@2.4.5":
  version "2.4.5"
  resolved "https://registry.yarnpkg.com/@uiw/react-color-swatch/-/react-color-swatch-2.4.5.tgz#4b2d246742230409af22848debd7b89d9c638ee0"
  integrity sha512-dXEcxPsP3xOzgGHMvtNmzWBu28OJly96VqgNOwasPc1xBQ+SrIV4wvgRx6egQ5JU0D1olnG3CfNIMMYQ6Eu0wg==
  dependencies:
    "@uiw/color-convert" "2.4.5"

"@uiw/react-color-wheel@2.4.5":
  version "2.4.5"
  resolved "https://registry.yarnpkg.com/@uiw/react-color-wheel/-/react-color-wheel-2.4.5.tgz#b9d78b72232060c56c60dfb9bdc0728430c17ae7"
  integrity sha512-xX/OLQJpTDwcM91G6eFA4b5syLKkXURIhk3VIxiwV7g1s5dXE31ORNEIj03Lrhl0vXKu/Ql6nGrfc6mSapgkNg==
  dependencies:
    "@uiw/color-convert" "2.4.5"
    "@uiw/react-drag-event-interactive" "2.4.5"

"@uiw/react-color@^2.0.6":
  version "2.4.5"
  resolved "https://registry.yarnpkg.com/@uiw/react-color/-/react-color-2.4.5.tgz#770da553e9cc6c4de5e6489df093b9f31d84670a"
  integrity sha512-NJRl11bdbFWUuXaKjQqw6MABWnjIPjwhIxDg9Gxkjkt3A7qiLvg7kk0MUtHxi8cl2hoKgIgHnuAGwK963zW5HQ==
  dependencies:
    "@uiw/color-convert" "2.4.5"
    "@uiw/react-color-alpha" "2.4.5"
    "@uiw/react-color-block" "2.4.5"
    "@uiw/react-color-chrome" "2.4.5"
    "@uiw/react-color-circle" "2.4.5"
    "@uiw/react-color-colorful" "2.4.5"
    "@uiw/react-color-compact" "2.4.5"
    "@uiw/react-color-editable-input" "2.4.5"
    "@uiw/react-color-editable-input-hsla" "2.4.5"
    "@uiw/react-color-editable-input-rgba" "2.4.5"
    "@uiw/react-color-github" "2.4.5"
    "@uiw/react-color-hue" "2.4.5"
    "@uiw/react-color-material" "2.4.5"
    "@uiw/react-color-name" "2.4.5"
    "@uiw/react-color-saturation" "2.4.5"
    "@uiw/react-color-shade-slider" "2.4.5"
    "@uiw/react-color-sketch" "2.4.5"
    "@uiw/react-color-slider" "2.4.5"
    "@uiw/react-color-swatch" "2.4.5"
    "@uiw/react-color-wheel" "2.4.5"

"@uiw/react-drag-event-interactive@2.4.5":
  version "2.4.5"
  resolved "https://registry.yarnpkg.com/@uiw/react-drag-event-interactive/-/react-drag-event-interactive-2.4.5.tgz#4c16845e222b06b799d9a402f8b44b2fa12a9bd1"
  integrity sha512-/5xsKhYvYCD/ryhAFFxaPJWIsgZvj4teAg6ay4CPF+OQdDZZy9zfkPkWPiM1GS1PExztNCem9OioW98Jgtbq8g==

array-union@^2.1.0:
  version "2.1.0"
  resolved "https://registry.yarnpkg.com/array-union/-/array-union-2.1.0.tgz#b798420adbeb1de828d84acd8a2e23d3efe85e8d"
  integrity sha512-HGyxoOTYUyCM6stUe6EJgnd4EoewAI7zMdfqO+kGjnlZmBDz/cR5pf8r/cR4Wq60sL/p0IkcjUEEPwS3GFrIyw==

braces@^3.0.3:
  version "3.0.3"
  resolved "https://registry.yarnpkg.com/braces/-/braces-3.0.3.tgz#490332f40919452272d55a8480adc0c441358789"
  integrity sha512-yQbXgO/OSZVD2IsiLlro+7Hf6Q18EJrKSEsdoMzKePKXct3gvD8oLcOQdIzGupr5Fj+EDe8gO/lxc1BzfMpxvA==
  dependencies:
    fill-range "^7.1.1"

builtin-modules@3.3.0:
  version "3.3.0"
  resolved "https://registry.yarnpkg.com/builtin-modules/-/builtin-modules-3.3.0.tgz#cae62812b89801e9656336e46223e030386be7b6"
  integrity sha512-zhaCDicdLuWN5UbN5IMnFqNMhNfo919sH85y2/ea+5Yg9TsTkeZxpL+JLbp6cgYFS4sRLp3YV4S6yDuqVWHYOw==

colors-named-hex@^1.0.1:
  version "1.0.2"
  resolved "https://registry.yarnpkg.com/colors-named-hex/-/colors-named-hex-1.0.2.tgz#353165cc548ef0fbd770280bf441ec2dfc1bb386"
  integrity sha512-k6kq1e1pUCQvSVwIaGFq2l0LrkAPQZWyeuZn1Z8nOiYSEZiKoFj4qx690h2Kd34DFl9Me0gKS6MUwAMBJj8nuA==

colors-named@^1.0.1:
  version "1.0.2"
  resolved "https://registry.yarnpkg.com/colors-named/-/colors-named-1.0.2.tgz#362dd6b520c08da8d9a77250174f0d5f2cfc5b81"
  integrity sha512-2ANq2r393PV9njYUD66UdfBcxR1slMqRA3QRTWgCx49JoCJ+kOhyfbQYxKJbPZQIhZUcNjVOs5AlyY1WwXec3w==

csstype@^3.0.2:
  version "3.1.3"
  resolved "https://registry.yarnpkg.com/csstype/-/csstype-3.1.3.tgz#d80ff294d114fb0e6ac500fbf85b60137d7eff81"
  integrity sha512-M1uQkMl8rQK/szD0LNhtqxIPLpimGm8sOBwU7lLnCpSbTyY3yeU1Vc7l4KT5zT4s/yOxHH5O7tIuuLOCnLADRw==

debug@^4.3.4:
  version "4.4.0"
  resolved "https://registry.yarnpkg.com/debug/-/debug-4.4.0.tgz#2b3f2aea2ffeb776477460267377dc8710faba8a"
  integrity sha512-6WTZ/IxCY/T6BALoZHaE4ctp9xm+Z5kY/pzYaCHRFeyVhojxlrm+46y68HA6hr0TcwEssoxNiDEUJQjfPZ/RYA==
  dependencies:
    ms "^2.1.3"

dir-glob@^3.0.1:
  version "3.0.1"
  resolved "https://registry.yarnpkg.com/dir-glob/-/dir-glob-3.0.1.tgz#56dbf73d992a4a93ba1584f4534063fd2e41717f"
  integrity sha512-WkrWp9GR4KXfKGYzOLmTuGVi1UWFfws377n9cc55/tb6DuqyF6pcQ5AbiHEshaDpY9v6oaSr2XCDidGmMwdzIA==
  dependencies:
    path-type "^4.0.0"

emoji-regex@^10.0.0:
  version "10.4.0"
  resolved "https://registry.yarnpkg.com/emoji-regex/-/emoji-regex-10.4.0.tgz#03553afea80b3975749cfcb36f776ca268e413d4"
  integrity sha512-EC+0oUMY1Rqm4O6LLrgjtYDvcVYTy7chDnM4Q7030tP4Kwj3u/pR6gP9ygnp2CJMK5Gq+9Q2oqmrFJAz01DXjw==

esbuild@0.17.3:
  version "0.17.3"
  resolved "https://registry.yarnpkg.com/esbuild/-/esbuild-0.17.3.tgz#d9aa02a3bc441ed35f9569cd9505812ae3fcae61"
  integrity sha512-9n3AsBRe6sIyOc6kmoXg2ypCLgf3eZSraWFRpnkto+svt8cZNuKTkb1bhQcitBcvIqjNiK7K0J3KPmwGSfkA8g==
  optionalDependencies:
    "@esbuild/android-arm" "0.17.3"
    "@esbuild/android-arm64" "0.17.3"
    "@esbuild/android-x64" "0.17.3"
    "@esbuild/darwin-arm64" "0.17.3"
    "@esbuild/darwin-x64" "0.17.3"
    "@esbuild/freebsd-arm64" "0.17.3"
    "@esbuild/freebsd-x64" "0.17.3"
    "@esbuild/linux-arm" "0.17.3"
    "@esbuild/linux-arm64" "0.17.3"
    "@esbuild/linux-ia32" "0.17.3"
    "@esbuild/linux-loong64" "0.17.3"
    "@esbuild/linux-mips64el" "0.17.3"
    "@esbuild/linux-ppc64" "0.17.3"
    "@esbuild/linux-riscv64" "0.17.3"
    "@esbuild/linux-s390x" "0.17.3"
    "@esbuild/linux-x64" "0.17.3"
    "@esbuild/netbsd-x64" "0.17.3"
    "@esbuild/openbsd-x64" "0.17.3"
    "@esbuild/sunos-x64" "0.17.3"
    "@esbuild/win32-arm64" "0.17.3"
    "@esbuild/win32-ia32" "0.17.3"
    "@esbuild/win32-x64" "0.17.3"

eslint-scope@^5.1.1:
  version "5.1.1"
  resolved "https://registry.yarnpkg.com/eslint-scope/-/eslint-scope-5.1.1.tgz#e786e59a66cb92b3f6c1fb0d508aab174848f48c"
  integrity sha512-2NxwbF/hZ0KpepYN0cNbo+FN6XoK7GaHlQhgx/hIZl6Va0bF45RQOOwhLIy8lQDbuCiadSLCBnH2CFYquit5bw==
  dependencies:
    esrecurse "^4.3.0"
    estraverse "^4.1.1"

eslint-utils@^3.0.0:
  version "3.0.0"
  resolved "https://registry.yarnpkg.com/eslint-utils/-/eslint-utils-3.0.0.tgz#8aebaface7345bb33559db0a1f13a1d2d48c3672"
  integrity sha512-uuQC43IGctw68pJA1RgbQS8/NP7rch6Cwd4j3ZBtgo4/8Flj4eGE7ZYSZRN3iq5pVUv6GPdW5Z1RFleo84uLDA==
  dependencies:
    eslint-visitor-keys "^2.0.0"

eslint-visitor-keys@^2.0.0:
  version "2.1.0"
  resolved "https://registry.yarnpkg.com/eslint-visitor-keys/-/eslint-visitor-keys-2.1.0.tgz#f65328259305927392c938ed44eb0a5c9b2bd303"
  integrity sha512-0rSmRBzXgDzIsD6mGdJgevzgezI534Cer5L/vyMX0kHzT/jiB43jRhd9YUlMGYLQy2zprNmoT8qasCGtY+QaKw==

eslint-visitor-keys@^3.3.0:
  version "3.4.3"
  resolved "https://registry.yarnpkg.com/eslint-visitor-keys/-/eslint-visitor-keys-3.4.3.tgz#0cd72fe8550e3c2eae156a96a4dddcd1c8ac5800"
  integrity sha512-wpc+LXeiyiisxPlEkUzU6svyS1frIO3Mgxj1fdy7Pm8Ygzguax2N3Fa/D/ag1WqbOprdI+uY6wMUl8/a2G+iag==

esrecurse@^4.3.0:
  version "4.3.0"
  resolved "https://registry.yarnpkg.com/esrecurse/-/esrecurse-4.3.0.tgz#7ad7964d679abb28bee72cec63758b1c5d2c9921"
  integrity sha512-KmfKL3b6G+RXvP8N1vr3Tq1kL/oCFgn2NYXEtqP8/L3pKapUA4G8cFVaoF3SU323CD4XypR/ffioHmkti6/Tag==
  dependencies:
    estraverse "^5.2.0"

estraverse@^4.1.1:
  version "4.3.0"
  resolved "https://registry.yarnpkg.com/estraverse/-/estraverse-4.3.0.tgz#398ad3f3c5a24948be7725e83d11a7de28cdbd1d"
  integrity sha512-39nnKffWz8xN1BU/2c79n9nB9HDzo0niYUqx6xyqUnyoAnQyyWpOTdZEeiCch8BBu515t4wp9ZmgVfVhn9EBpw==

estraverse@^5.2.0:
  version "5.3.0"
  resolved "https://registry.yarnpkg.com/estraverse/-/estraverse-5.3.0.tgz#2eea5290702f26ab8fe5370370ff86c965d21123"
  integrity sha512-MMdARuVEQziNTeJD8DgMqmhwR11BRQ/cBP+pLtYdSTnf3MIO8fFeiINEbX36ZdNlfU/7A9f3gUw49B3oQsvwBA==

fast-glob@^3.2.9:
  version "3.3.3"
  resolved "https://registry.yarnpkg.com/fast-glob/-/fast-glob-3.3.3.tgz#d06d585ce8dba90a16b0505c543c3ccfb3aeb818"
  integrity sha512-7MptL8U0cqcFdzIzwOTHoilX9x5BrNqye7Z/LuC7kCMRio1EMSyqRK3BEAUD7sXRq4iT4AzTVuZdhgQ2TCvYLg==
  dependencies:
    "@nodelib/fs.stat" "^2.0.2"
    "@nodelib/fs.walk" "^1.2.3"
    glob-parent "^5.1.2"
    merge2 "^1.3.0"
    micromatch "^4.0.8"

fastq@^1.6.0:
  version "1.19.1"
  resolved "https://registry.yarnpkg.com/fastq/-/fastq-1.19.1.tgz#d50eaba803c8846a883c16492821ebcd2cda55f5"
  integrity sha512-GwLTyxkCXjXbxqIhTsMI2Nui8huMPtnxg7krajPJAjnEG/iiOS7i+zCtWGZR9G0NBKbXKh6X9m9UIsYX/N6vvQ==
  dependencies:
    reusify "^1.0.4"

fill-range@^7.1.1:
  version "7.1.1"
  resolved "https://registry.yarnpkg.com/fill-range/-/fill-range-7.1.1.tgz#44265d3cac07e3ea7dc247516380643754a05292"
  integrity sha512-YsGpe3WHLK8ZYi4tWDg2Jy3ebRz2rXowDxnld4bkQB00cc/1Zw9AWnC0i9ztDJitivtQvaI9KaLyKrc+hBW0yg==
  dependencies:
    to-regex-range "^5.0.1"

functional-red-black-tree@^1.0.1:
  version "1.0.1"
  resolved "https://registry.yarnpkg.com/functional-red-black-tree/-/functional-red-black-tree-1.0.1.tgz#1b0ab3bd553b2a0d6399d29c0e3ea0b252078327"
  integrity sha512-dsKNQNdj6xA3T+QlADDA7mOSlX0qiMINjn0cgr+eGHGsbSHzTabcIogz2+p/iqP1Xs6EP/sS2SbqH+brGTbq0g==

glob-parent@^5.1.2:
  version "5.1.2"
  resolved "https://registry.yarnpkg.com/glob-parent/-/glob-parent-5.1.2.tgz#869832c58034fe68a4093c17dc15e8340d8401c4"
  integrity sha512-AOIgSQCepiJYwP3ARnGx+5VnTu2HBYdzbGP45eLw1vr3zB3vZLeyed1sC9hnbcOc9/SrMyM5RPQrkGz4aS9Zow==
  dependencies:
    is-glob "^4.0.1"

globby@^11.1.0:
  version "11.1.0"
  resolved "https://registry.yarnpkg.com/globby/-/globby-11.1.0.tgz#bd4be98bb042f83d796f7e3811991fbe82a0d34b"
  integrity sha512-jhIXaOzy1sb8IyocaruWSn1TjmnBVs8Ayhcy83rmxNJ8q2uWKCAj3CnJY+KpGSXCueAPc0i05kVvVKtP1t9S3g==
  dependencies:
    array-union "^2.1.0"
    dir-glob "^3.0.1"
    fast-glob "^3.2.9"
    ignore "^5.2.0"
    merge2 "^1.4.1"
    slash "^3.0.0"

ignore@^5.2.0:
  version "5.3.2"
  resolved "https://registry.yarnpkg.com/ignore/-/ignore-5.3.2.tgz#3cd40e729f3643fd87cb04e50bf0eb722bc596f5"
  integrity sha512-hsBTNUqQTDwkWtcdYI2i06Y/nUBEsNEDJKjWdigLvegy8kDuJAS8uRlpkkcQpyEXL0Z/pjDy5HBmMjRCJ2gq+g==

immediate@~3.0.5:
  version "3.0.6"
  resolved "https://registry.yarnpkg.com/immediate/-/immediate-3.0.6.tgz#9db1dbd0faf8de6fbe0f5dd5e56bb606280de69b"
  integrity sha512-XXOFtyqDjNDAQxVfYxuF7g9Il/IbWmmlQg2MYKOH8ExIT1qg6xc4zyS3HaEEATgs1btfzxq15ciUiY7gjSXRGQ==

is-extglob@^2.1.1:
  version "2.1.1"
  resolved "https://registry.yarnpkg.com/is-extglob/-/is-extglob-2.1.1.tgz#a88c02535791f02ed37c76a1b9ea9773c833f8c2"
  integrity sha512-SbKbANkN603Vi4jEZv49LeVJMn4yGwsbzZworEoyEiutsN3nJYdbO36zfhGJ6QEDpOZIFkDtnq5JRxmvl3jsoQ==

is-glob@^4.0.1, is-glob@^4.0.3:
  version "4.0.3"
  resolved "https://registry.yarnpkg.com/is-glob/-/is-glob-4.0.3.tgz#64f61e42cbbb2eec2071a9dac0b28ba1e65d5084"
  integrity sha512-xelSayHH36ZgE7ZWhli7pW34hNbNl8Ojv5KVmkJD4hBdD3th8Tfk9vYasLM+mXWOZhFkgZfxhLSnrwRr4elSSg==
  dependencies:
    is-extglob "^2.1.1"

is-number@^7.0.0:
  version "7.0.0"
  resolved "https://registry.yarnpkg.com/is-number/-/is-number-7.0.0.tgz#7535345b896734d5f80c4d06c50955527a14f12b"
  integrity sha512-41Cifkg6e8TylSpdtTpeLVMqvSBEVzTttHvERD741+pnZ8ANv0004MRL43QKPDlK9cGvNp6NZWZUBlbGXYxxng==

"js-tokens@^3.0.0 || ^4.0.0":
  version "4.0.0"
  resolved "https://registry.yarnpkg.com/js-tokens/-/js-tokens-4.0.0.tgz#19203fb59991df98e3a287050d4647cdeaf32499"
  integrity sha512-RdJUflcE3cUzKiMqQgsCu06FPu9UdIJO0beYbPhHN4k6apgJtifcoCtT9bcxOpYBtpD2kCM6Sbzg4CausW/PKQ==

lie@3.1.1:
  version "3.1.1"
  resolved "https://registry.yarnpkg.com/lie/-/lie-3.1.1.tgz#9a436b2cc7746ca59de7a41fa469b3efb76bd87e"
  integrity sha512-RiNhHysUjhrDQntfYSfY4MU24coXXdEOgw9WGcKHNeEwffDYbF//u87M1EWaMGzuFoSbqW0C9C6lEEhDOAswfw==
  dependencies:
    immediate "~3.0.5"

localforage@^1.10.0:
  version "1.10.0"
  resolved "https://registry.yarnpkg.com/localforage/-/localforage-1.10.0.tgz#5c465dc5f62b2807c3a84c0c6a1b1b3212781dd4"
  integrity sha512-14/H1aX7hzBBmmh7sGPd+AOMkkIrHM3Z1PAyGgZigA1H1p5O5ANnMyWzvpAETtG68/dC4pC0ncy3+PPGzXZHPg==
  dependencies:
    lie "3.1.1"

loose-envify@^1.1.0:
  version "1.4.0"
  resolved "https://registry.yarnpkg.com/loose-envify/-/loose-envify-1.4.0.tgz#71ee51fa7be4caec1a63839f7e682d8132d30caf"
  integrity sha512-lyuxPGr/Wfhrlem2CL/UcnUc1zcqKAImBDzukY7Y5F/yQiNdko6+fRLevlw1HgMySw7f611UIY408EtxRSoK3Q==
  dependencies:
    js-tokens "^3.0.0 || ^4.0.0"

luxon@^3.2.0, luxon@^3.4.4:
  version "3.5.0"
  resolved "https://registry.yarnpkg.com/luxon/-/luxon-3.5.0.tgz#6b6f65c5cd1d61d1fd19dbf07ee87a50bf4b8e20"
  integrity sha512-rh+Zjr6DNfUYR3bPwJEnuwDdqMbxZW7LOQfUN4B54+Cl+0o5zaU9RJ6bcidfDtC1cWCZXQ+nvX8bf6bAji37QQ==

merge2@^1.3.0, merge2@^1.4.1:
  version "1.4.1"
  resolved "https://registry.yarnpkg.com/merge2/-/merge2-1.4.1.tgz#4368892f885e907455a6fd7dc55c0c9d404990ae"
  integrity sha512-8q7VEgMJW4J8tcfVPy8g09NcQwZdbwFEqhe/WZkoIzjn/3TGDwtOCYtXGxA3O8tPzpczCCDgv+P2P5y00ZJOOg==

micromatch@^4.0.8:
  version "4.0.8"
  resolved "https://registry.yarnpkg.com/micromatch/-/micromatch-4.0.8.tgz#d66fa18f3a47076789320b9b1af32bd86d9fa202"
  integrity sha512-PXwfBhYu0hBCPw8Dn0E+WDYb7af3dSLVWKi3HGv84IdF4TyFoC0ysxFd0Goxw7nSv4T/PzEJQxsYsEiFCKo2BA==
  dependencies:
    braces "^3.0.3"
    picomatch "^2.3.1"

moment@2.29.4:
  version "2.29.4"
  resolved "https://registry.yarnpkg.com/moment/-/moment-2.29.4.tgz#3dbe052889fe7c1b2ed966fcb3a77328964ef108"
  integrity sha512-5LC9SOxjSc2HF6vO2CyuTDNivEdoz2IvyJJGj6X8DJ0eFyfszE0QiEd+iXmBvUP3WHxSjFH/vIsA0EN00cgr8w==

ms@^2.1.3:
  version "2.1.3"
  resolved "https://registry.yarnpkg.com/ms/-/ms-2.1.3.tgz#574c8138ce1d2b5861f0b44579dbadd60c6615b2"
  integrity sha512-6FlzubTLZG3J2a/NVCAleEhjzq5oxgHyaCU9yYXvcLsvoVaHJq/s5xXI6/XXP6tz7R9xAOtHnSO/tXtF3WRTlA==

obsidian-calendar-ui@^0.3.12:
  version "0.3.12"
  resolved "https://registry.yarnpkg.com/obsidian-calendar-ui/-/obsidian-calendar-ui-0.3.12.tgz#23ccaf99c81e81fa49ae494c61eab7e71fb61508"
  integrity sha512-hdoRqCPnukfRgCARgArXaqMQZ+Iai0eY7f0ZsFHHfywpv4gKg3Tx5p47UsLvRO5DD+4knlbrL7Gel57MkfcLTw==
  dependencies:
    obsidian-daily-notes-interface "0.8.4"
    svelte "3.35.0"
    tslib "2.1.0"

obsidian-daily-notes-interface@0.8.4:
  version "0.8.4"
  resolved "https://registry.yarnpkg.com/obsidian-daily-notes-interface/-/obsidian-daily-notes-interface-0.8.4.tgz#530cec611878c2d2ae94ba868490df5bf17c8ccf"
  integrity sha512-REKQtAuIOKDbvNH/th1C1gWmJWCP5tRn9T/mfZGZt4Zncgko7McXK0aSKFtEInipvgbZJ2nScivvyLdiWluSMw==
  dependencies:
    obsidian obsidianmd/obsidian-api#master
    tslib "2.1.0"

obsidian-dataview@^0.5.64:
  version "0.5.67"
  resolved "https://registry.yarnpkg.com/obsidian-dataview/-/obsidian-dataview-0.5.67.tgz#8d60c290bcef6fd804dce53f601651aef75a7e01"
  integrity sha512-nLQrjvZ6Ny5s6mCfi+rv0TsdYkKTV4YfDqyLNixxNkyLCqgE9AXKJlJNnkv3Ic1brGOw2m/0SgtdWykKzobwMQ==
  dependencies:
    "@codemirror/language" "https://github.com/lishid/cm-language"
    "@codemirror/state" "^6.0.1"
    "@codemirror/view" "^6.0.1"
    emoji-regex "^10.0.0"
    localforage "^1.10.0"
    luxon "^3.2.0"
    obsidian-calendar-ui "^0.3.12"
    papaparse "^5.3.1"
    parsimmon "^1.18.0"
    preact "^10.6.5"

obsidian@latest:
  version "1.8.7"
  resolved "https://registry.yarnpkg.com/obsidian/-/obsidian-1.8.7.tgz#601e9ea1724289effa4c9bb3b4e20d327263634f"
  integrity sha512-h4bWwNFAGRXlMlMAzdEiIM2ppTGlrh7uGOJS6w4gClrsjc+ei/3YAtU2VdFUlCiPuTHpY4aBpFJJW75S1Tl/JA==
  dependencies:
    "@types/codemirror" "5.60.8"
    moment "2.29.4"

obsidian@obsidianmd/obsidian-api#master:
  version "1.8.7"
  resolved "https://codeload.github.com/obsidianmd/obsidian-api/tar.gz/9ab497e64afeac291a2546d2faeded6a7bed626a"
  dependencies:
    "@types/codemirror" "5.60.8"
    moment "2.29.4"

papaparse@^5.3.1:
  version "5.5.2"
  resolved "https://registry.yarnpkg.com/papaparse/-/papaparse-5.5.2.tgz#fb67cc5a03ba8930cb435dc4641a25d6804bd4d7"
  integrity sha512-PZXg8UuAc4PcVwLosEEDYjPyfWnTEhOrUfdv+3Bx+NuAb+5NhDmXzg5fHWmdCh1mP5p7JAZfFr3IMQfcntNAdA==

parsimmon@^1.18.0:
  version "1.18.1"
  resolved "https://registry.yarnpkg.com/parsimmon/-/parsimmon-1.18.1.tgz#d8dd9c28745647d02fc6566f217690897eed7709"
  integrity sha512-u7p959wLfGAhJpSDJVYXoyMCXWYwHia78HhRBWqk7AIbxdmlrfdp5wX0l3xv/iTSH5HvhN9K7o26hwwpgS5Nmw==

path-type@^4.0.0:
  version "4.0.0"
  resolved "https://registry.yarnpkg.com/path-type/-/path-type-4.0.0.tgz#84ed01c0a7ba380afe09d90a8c180dcd9d03043b"
  integrity sha512-gDKb8aZMDeD/tZWs9P6+q0J9Mwkdl6xMV8TjnGP3qJVJ06bdMgkbBlLU8IdfOsIsFz2BW1rNVT3XuNEl8zPAvw==

picomatch@^2.3.1:
  version "2.3.1"
  resolved "https://registry.yarnpkg.com/picomatch/-/picomatch-2.3.1.tgz#3ba3833733646d9d3e4995946c1365a67fb07a42"
  integrity sha512-JU3teHTNjmE2VCGFzuY8EXzCDVwEqB2a8fsIvwaStHhAWJEeVd1o1QD80CU6+ZdEXXSLbSsuLwJjkCBWqRQUVA==

preact@^10.6.5:
  version "10.26.4"
  resolved "https://registry.yarnpkg.com/preact/-/preact-10.26.4.tgz#b514f4249453a4247c82ff6d1267d59b7d78f9f9"
  integrity sha512-KJhO7LBFTjP71d83trW+Ilnjbo+ySsaAgCfXOXUlmGzJ4ygYPWmysm77yg4emwfmoz3b22yvH5IsVFHbhUaH5w==

queue-microtask@^1.2.2:
  version "1.2.3"
  resolved "https://registry.yarnpkg.com/queue-microtask/-/queue-microtask-1.2.3.tgz#4929228bbc724dfac43e0efb058caf7b6cfb6243"
  integrity sha512-NuaNSa6flKT5JaSYQzJok04JzTL1CA6aGhv5rfLW3PgqA+M2ChpZQnAC8h8i4ZFkBS8X5RqkDBHA7r4hej3K9A==

react-dom@^18.2.0:
  version "18.3.1"
  resolved "https://registry.yarnpkg.com/react-dom/-/react-dom-18.3.1.tgz#c2265d79511b57d479b3dd3fdfa51536494c5cb4"
  integrity sha512-5m4nQKp+rZRb09LNH59GM4BxTh9251/ylbKIbpe7TpGxfJ+9kv6BLkLBXIjjspbgbnIBNqlI23tRnTWT0snUIw==
  dependencies:
    loose-envify "^1.1.0"
    scheduler "^0.23.2"

react@^18.2.0:
  version "18.3.1"
  resolved "https://registry.yarnpkg.com/react/-/react-18.3.1.tgz#49ab892009c53933625bd16b2533fc754cab2891"
  integrity sha512-wS+hAgJShR0KhEvPJArfuPVN1+Hz1t0Y6n5jLrGQbkb4urgPE/0Rve+1kMB1v/oWgHgm4WIcV+i7F2pTVj+2iQ==
  dependencies:
    loose-envify "^1.1.0"

regenerator-runtime@^0.14.0:
  version "0.14.1"
  resolved "https://registry.yarnpkg.com/regenerator-runtime/-/regenerator-runtime-0.14.1.tgz#356ade10263f685dda125100cd862c1db895327f"
  integrity sha512-dYnhHh0nJoMfnkZs6GmmhFknAGRrLznOu5nc9ML+EJxGvrx6H7teuevqVqCuPcPK//3eDrrjQhehXVx9cnkGdw==

regexpp@^3.2.0:
  version "3.2.0"
  resolved "https://registry.yarnpkg.com/regexpp/-/regexpp-3.2.0.tgz#0425a2768d8f23bad70ca4b90461fa2f1213e1b2"
  integrity sha512-pq2bWo9mVD43nbts2wGv17XLiNLya+GklZ8kaDLV2Z08gDCsGpnKn9BFMepvWuHCbyVvY7J5o5+BVvoQbmlJLg==

reusify@^1.0.4:
  version "1.1.0"
  resolved "https://registry.yarnpkg.com/reusify/-/reusify-1.1.0.tgz#0fe13b9522e1473f51b558ee796e08f11f9b489f"
  integrity sha512-g6QUff04oZpHs0eG5p83rFLhHeV00ug/Yf9nZM6fLeUrPguBTkTQOdpAWWspMh55TZfVQDPaN3NQJfbVRAxdIw==

run-parallel@^1.1.9:
  version "1.2.0"
  resolved "https://registry.yarnpkg.com/run-parallel/-/run-parallel-1.2.0.tgz#66d1368da7bdf921eb9d95bd1a9229e7f21a43ee"
  integrity sha512-5l4VyZR86LZ/lDxZTR6jqL8AFE2S0IFLMP26AbjsLVADxHdhB/c0GUsH+y39UfCi3dzz8OlQuPmnaJOMoDHQBA==
  dependencies:
    queue-microtask "^1.2.2"

scheduler@^0.23.2:
  version "0.23.2"
  resolved "https://registry.yarnpkg.com/scheduler/-/scheduler-0.23.2.tgz#414ba64a3b282892e944cf2108ecc078d115cdc3"
  integrity sha512-UOShsPwz7NrMUqhR6t0hWjFduvOzbtv7toDH1/hIrfRNIDBnnBWd0CwJTGvTpngVlmwGCdP9/Zl/tVrDqcuYzQ==
  dependencies:
    loose-envify "^1.1.0"

semver@^7.3.7:
  version "7.7.1"
  resolved "https://registry.yarnpkg.com/semver/-/semver-7.7.1.tgz#abd5098d82b18c6c81f6074ff2647fd3e7220c9f"
  integrity sha512-hlq8tAfn0m/61p4BVRcPzIGr6LKiMwo4VM6dGi6pt4qcRkmNzTcWq6eCEjEh+qXjkMDvPlOFFSGwQjoEa6gyMA==

slash@^3.0.0:
  version "3.0.0"
  resolved "https://registry.yarnpkg.com/slash/-/slash-3.0.0.tgz#6539be870c165adbd5240220dbe361f1bc4d4634"
  integrity sha512-g9Q1haeby36OSStwb4ntCGGGaKsaVSjQ68fBxoQcutl5fS1vuY18H3wSt3jFyFtrkx+Kz0V1G85A4MyAdDMi2Q==

style-mod@^4.0.0, style-mod@^4.1.0:
  version "4.1.2"
  resolved "https://registry.yarnpkg.com/style-mod/-/style-mod-4.1.2.tgz#ca238a1ad4786520f7515a8539d5a63691d7bf67"
  integrity sha512-wnD1HyVqpJUI2+eKZ+eo1UwghftP6yuFheBqqe+bWCotBjC2K1YnteJILRMs3SM4V/0dLEW1SC27MWP5y+mwmw==

svelte@3.35.0:
  version "3.35.0"
  resolved "https://registry.yarnpkg.com/svelte/-/svelte-3.35.0.tgz#e0d0ba60c4852181c2b4fd851194be6fda493e65"
  integrity sha512-gknlZkR2sXheu/X+B7dDImwANVvK1R0QGQLd8CNIfxxGPeXBmePnxfzb6fWwTQRsYQG7lYkZXvpXJvxvpsoB7g==

tabbable@^6.0.0:
  version "6.2.0"
  resolved "https://registry.yarnpkg.com/tabbable/-/tabbable-6.2.0.tgz#732fb62bc0175cfcec257330be187dcfba1f3b97"
  integrity sha512-Cat63mxsVJlzYvN51JmVXIgNoUokrIaT2zLclCXjRd8boZ0004U4KCs/sToJ75C6sdlByWxpYnb5Boif1VSFew==

to-regex-range@^5.0.1:
  version "5.0.1"
  resolved "https://registry.yarnpkg.com/to-regex-range/-/to-regex-range-5.0.1.tgz#1648c44aae7c8d988a326018ed72f5b4dd0392e4"
  integrity sha512-65P7iz6X5yEr1cwcgvQxbbIw7Uk3gOy5dIdtZ4rDveLqhrdJP+Li/Hx6tyK0NEb+2GCyneCMJiGqrADCSNk8sQ==
  dependencies:
    is-number "^7.0.0"

tslib@2.1.0:
  version "2.1.0"
  resolved "https://registry.yarnpkg.com/tslib/-/tslib-2.1.0.tgz#da60860f1c2ecaa5703ab7d39bc05b6bf988b97a"
  integrity sha512-hcVC3wYEziELGGmEEXue7D75zbwIIVUMWAVbHItGPx0ziyXxrOMQx4rQEVEV45Ut/1IotuEvwqPopzIOkDMf0A==

tslib@2.4.0:
  version "2.4.0"
  resolved "https://registry.yarnpkg.com/tslib/-/tslib-2.4.0.tgz#7cecaa7f073ce680a05847aa77be941098f36dc3"
  integrity sha512-d6xOpEDfsi2CZVlPQzGeux8XMwLT9hssAsaPYExaQMuYskwb+x1x7J371tWlbBdWHroy99KnVB6qIkUbs5X3UQ==

tslib@^1.8.1:
  version "1.14.1"
  resolved "https://registry.yarnpkg.com/tslib/-/tslib-1.14.1.tgz#cf2d38bdc34a134bcaf1091c41f6619e2f672d00"
  integrity sha512-Xni35NKzjgMrwevysHTCArtLDpPvye8zV/0E4EyYn43P7/7qvQwPh9BGkHewbMulVntbigmcT7rdX3BNo9wRJg==

tsutils@^3.21.0:
  version "3.21.0"
  resolved "https://registry.yarnpkg.com/tsutils/-/tsutils-3.21.0.tgz#b48717d394cea6c1e096983eed58e9d61715b623"
  integrity sha512-mHKK3iUXL+3UF6xL5k0PEhKRUBKPBCv/+RkEOpjRWxxx27KKRBmmA60A9pgOUvMi8GKhRMPEmjBRPzs2W7O1OA==
  dependencies:
    tslib "^1.8.1"

typescript@4.7.4:
  version "4.7.4"
  resolved "https://registry.yarnpkg.com/typescript/-/typescript-4.7.4.tgz#1a88596d1cf47d59507a1bcdfb5b9dfe4d488235"
  integrity sha512-C0WQT0gezHuw6AdY1M2jxUO83Rjf0HP7Sk1DtXj6j1EwkQNZrHAg2XPWlq62oqEhYvONq5pkC2Y9oPljWToLmQ==

w3c-keyname@^2.2.4:
  version "2.2.8"
  resolved "https://registry.yarnpkg.com/w3c-keyname/-/w3c-keyname-2.2.8.tgz#7b17c8c6883d4e8b86ac8aba79d39e880f8869c5"
  integrity sha512-dpojBhNsCNN7T82Tm7k26A6G9ML3NkhDsnw9n/eoxSRlVBB4CEtIQ/KTCLI2Fwf3ataSXRhYFkQi3SlnFwPvPQ==
